
Microsoft Visual Studio Solution File, Format Version 12.00
# Visual Studio Version 17
VisualStudioVersion = 17.8.34525.116
MinimumVisualStudioVersion = 10.0.40219.1
Project("{FAE04EC0-301F-11D3-BF4B-00C04F79EFBC}") = "Mish10", "Mish10.csproj", "{4C82FE2E-E221-428A-8EFC-280B47C5028E}"
EndProject
Global
	GlobalSection(SolutionConfigurationPlatforms) = preSolution
		Debug|Any CPU = Debug|Any CPU
		Release|Any CPU = Release|Any CPU
	EndGlobalSection
	GlobalSection(ProjectConfigurationPlatforms) = postSolution
		{4C82FE2E-E221-428A-8EFC-280B47C5028E}.Debug|Any CPU.ActiveCfg = Debug|Any CPU
		{4C82FE2E-E221-428A-8EFC-280B47C5028E}.Debug|Any CPU.Build.0 = Debug|Any CPU
		{4C82FE2E-E221-428A-8EFC-280B47C5028E}.Release|Any CPU.ActiveCfg = Release|Any CPU
		{4C82FE2E-E221-428A-8EFC-280B47C5028E}.Release|Any CPU.Build.0 = Release|Any CPU
	EndGlobalSection
	GlobalSection(SolutionProperties) = preSolution
		HideSolutionNode = FALSE
	EndGlobalSection
	GlobalSection(ExtensibilityGlobals) = postSolution
		SolutionGuid = {F69B9BAC-9DD5-4261-BD7E-5286F094F641}
	EndGlobalSection
EndGlobal
